
Microsoft Visual Studio Solution File, Format Version 12.00
# Visual Studio Version 16
VisualStudioVersion = 16.0.31424.327
MinimumVisualStudioVersion = 10.0.40219.1
Project("{FAE04EC0-301F-11D3-BF4B-00C04F79EFBC}") = "ByteBank.SistemaAgencia", "ByteBank.SistemaAgencia\ByteBank.SistemaAgencia.csproj", "{86C7D8C0-72FB-46EB-A47B-E39353353074}"
EndProject
Global
	GlobalSection(SolutionConfigurationPlatforms) = preSolution
		Debug|Any CPU = Debug|Any CPU
		Release|Any CPU = Release|Any CPU
	EndGlobalSection
	GlobalSection(ProjectConfigurationPlatforms) = postSolution
		{86C7D8C0-72FB-46EB-A47B-E39353353074}.Debug|Any CPU.ActiveCfg = Debug|Any CPU
		{86C7D8C0-72FB-46EB-A47B-E39353353074}.Debug|Any CPU.Build.0 = Debug|Any CPU
		{86C7D8C0-72FB-46EB-A47B-E39353353074}.Release|Any CPU.ActiveCfg = Release|Any CPU
		{86C7D8C0-72FB-46EB-A47B-E39353353074}.Release|Any CPU.Build.0 = Release|Any CPU
	EndGlobalSection
	GlobalSection(SolutionProperties) = preSolution
		HideSolutionNode = FALSE
	EndGlobalSection
	GlobalSection(ExtensibilityGlobals) = postSolution
		SolutionGuid = {D0B3E17C-D9E8-41A2-AC7A-D7A796FF1880}
	EndGlobalSection
EndGlobal
