
Microsoft Visual Studio Solution File, Format Version 12.00
# Visual Studio Version 16
VisualStudioVersion = 16.0.31424.327
MinimumVisualStudioVersion = 10.0.40219.1
Project("{FAE04EC0-301F-11D3-BF4B-00C04F79EFBC}") = "01-ByteBank", "01-ByteBank\01-ByteBank.csproj", "{34BA1498-11EA-433E-925A-35E9CBF22340}"
EndProject
Project("{FAE04EC0-301F-11D3-BF4B-00C04F79EFBC}") = "02-ByteBank", "02-ByteBank\02-ByteBank.csproj", "{66368AFE-3A78-4AC2-8593-AFA97530B0C7}"
EndProject
Project("{FAE04EC0-301F-11D3-BF4B-00C04F79EFBC}") = "03-ByteBank", "03-ByteBank\03-ByteBank.csproj", "{81BED2F4-A110-4593-BF84-540A6C60F995}"
EndProject
Project("{FAE04EC0-301F-11D3-BF4B-00C04F79EFBC}") = "04-ByteBank", "04-ByteBank\04-ByteBank.csproj", "{1BBCF933-C967-497B-9983-43BAF2919DE9}"
EndProject
Project("{FAE04EC0-301F-11D3-BF4B-00C04F79EFBC}") = "05-ByteBank", "05-ByteBank\05-ByteBank.csproj", "{F8DF34B9-4298-4324-866F-0CFCE8B52BDE}"
EndProject
Project("{FAE04EC0-301F-11D3-BF4B-00C04F79EFBC}") = "06-ByteBank", "06-ByteBank\06-ByteBank.csproj", "{B8D7AD7F-0620-4019-9ED0-D2E7E4BFBC0C}"
EndProject
Project("{FAE04EC0-301F-11D3-BF4B-00C04F79EFBC}") = "07-ByteBank", "07-ByteBank\07-ByteBank.csproj", "{CF269A12-8F7E-49A1-A7DF-ACF2ABB29AA8}"
EndProject
Global
	GlobalSection(SolutionConfigurationPlatforms) = preSolution
		Debug|Any CPU = Debug|Any CPU
		Release|Any CPU = Release|Any CPU
	EndGlobalSection
	GlobalSection(ProjectConfigurationPlatforms) = postSolution
		{34BA1498-11EA-433E-925A-35E9CBF22340}.Debug|Any CPU.ActiveCfg = Debug|Any CPU
		{34BA1498-11EA-433E-925A-35E9CBF22340}.Debug|Any CPU.Build.0 = Debug|Any CPU
		{34BA1498-11EA-433E-925A-35E9CBF22340}.Release|Any CPU.ActiveCfg = Release|Any CPU
		{34BA1498-11EA-433E-925A-35E9CBF22340}.Release|Any CPU.Build.0 = Release|Any CPU
		{66368AFE-3A78-4AC2-8593-AFA97530B0C7}.Debug|Any CPU.ActiveCfg = Debug|Any CPU
		{66368AFE-3A78-4AC2-8593-AFA97530B0C7}.Debug|Any CPU.Build.0 = Debug|Any CPU
		{66368AFE-3A78-4AC2-8593-AFA97530B0C7}.Release|Any CPU.ActiveCfg = Release|Any CPU
		{66368AFE-3A78-4AC2-8593-AFA97530B0C7}.Release|Any CPU.Build.0 = Release|Any CPU
		{81BED2F4-A110-4593-BF84-540A6C60F995}.Debug|Any CPU.ActiveCfg = Debug|Any CPU
		{81BED2F4-A110-4593-BF84-540A6C60F995}.Debug|Any CPU.Build.0 = Debug|Any CPU
		{81BED2F4-A110-4593-BF84-540A6C60F995}.Release|Any CPU.ActiveCfg = Release|Any CPU
		{81BED2F4-A110-4593-BF84-540A6C60F995}.Release|Any CPU.Build.0 = Release|Any CPU
		{1BBCF933-C967-497B-9983-43BAF2919DE9}.Debug|Any CPU.ActiveCfg = Debug|Any CPU
		{1BBCF933-C967-497B-9983-43BAF2919DE9}.Debug|Any CPU.Build.0 = Debug|Any CPU
		{1BBCF933-C967-497B-9983-43BAF2919DE9}.Release|Any CPU.ActiveCfg = Release|Any CPU
		{1BBCF933-C967-497B-9983-43BAF2919DE9}.Release|Any CPU.Build.0 = Release|Any CPU
		{F8DF34B9-4298-4324-866F-0CFCE8B52BDE}.Debug|Any CPU.ActiveCfg = Debug|Any CPU
		{F8DF34B9-4298-4324-866F-0CFCE8B52BDE}.Debug|Any CPU.Build.0 = Debug|Any CPU
		{F8DF34B9-4298-4324-866F-0CFCE8B52BDE}.Release|Any CPU.ActiveCfg = Release|Any CPU
		{F8DF34B9-4298-4324-866F-0CFCE8B52BDE}.Release|Any CPU.Build.0 = Release|Any CPU
		{B8D7AD7F-0620-4019-9ED0-D2E7E4BFBC0C}.Debug|Any CPU.ActiveCfg = Debug|Any CPU
		{B8D7AD7F-0620-4019-9ED0-D2E7E4BFBC0C}.Debug|Any CPU.Build.0 = Debug|Any CPU
		{B8D7AD7F-0620-4019-9ED0-D2E7E4BFBC0C}.Release|Any CPU.ActiveCfg = Release|Any CPU
		{B8D7AD7F-0620-4019-9ED0-D2E7E4BFBC0C}.Release|Any CPU.Build.0 = Release|Any CPU
		{CF269A12-8F7E-49A1-A7DF-ACF2ABB29AA8}.Debug|Any CPU.ActiveCfg = Debug|Any CPU
		{CF269A12-8F7E-49A1-A7DF-ACF2ABB29AA8}.Debug|Any CPU.Build.0 = Debug|Any CPU
		{CF269A12-8F7E-49A1-A7DF-ACF2ABB29AA8}.Release|Any CPU.ActiveCfg = Release|Any CPU
		{CF269A12-8F7E-49A1-A7DF-ACF2ABB29AA8}.Release|Any CPU.Build.0 = Release|Any CPU
	EndGlobalSection
	GlobalSection(SolutionProperties) = preSolution
		HideSolutionNode = FALSE
	EndGlobalSection
	GlobalSection(ExtensibilityGlobals) = postSolution
		SolutionGuid = {7F22A2CC-DE3B-4322-8334-12602FD80F4B}
	EndGlobalSection
EndGlobal
