
Microsoft Visual Studio Solution File, Format Version 12.00
# Visual Studio Version 16
VisualStudioVersion = 16.0.31424.327
MinimumVisualStudioVersion = 10.0.40219.1
Project("{FAE04EC0-301F-11D3-BF4B-00C04F79EFBC}") = "01-ByteBank", "01-ByteBank\01-ByteBank.csproj", "{34BA1498-11EA-433E-925A-35E9CBF22340}"
EndProject
Project("{FAE04EC0-301F-11D3-BF4B-00C04F79EFBC}") = "02-ByteBank", "02-ByteBank\02-ByteBank.csproj", "{66368AFE-3A78-4AC2-8593-AFA97530B0C7}"
EndProject
Project("{FAE04EC0-301F-11D3-BF4B-00C04F79EFBC}") = "03-ByteBank", "03-ByteBank\03-ByteBank.csproj", "{81BED2F4-A110-4593-BF84-540A6C60F995}"
EndProject
Global
	GlobalSection(SolutionConfigurationPlatforms) = preSolution
		Debug|Any CPU = Debug|Any CPU
		Release|Any CPU = Release|Any CPU
	EndGlobalSection
	GlobalSection(ProjectConfigurationPlatforms) = postSolution
		{34BA1498-11EA-433E-925A-35E9CBF22340}.Debug|Any CPU.ActiveCfg = Debug|Any CPU
		{34BA1498-11EA-433E-925A-35E9CBF22340}.Debug|Any CPU.Build.0 = Debug|Any CPU
		{34BA1498-11EA-433E-925A-35E9CBF22340}.Release|Any CPU.ActiveCfg = Release|Any CPU
		{34BA1498-11EA-433E-925A-35E9CBF22340}.Release|Any CPU.Build.0 = Release|Any CPU
		{66368AFE-3A78-4AC2-8593-AFA97530B0C7}.Debug|Any CPU.ActiveCfg = Debug|Any CPU
		{66368AFE-3A78-4AC2-8593-AFA97530B0C7}.Debug|Any CPU.Build.0 = Debug|Any CPU
		{66368AFE-3A78-4AC2-8593-AFA97530B0C7}.Release|Any CPU.ActiveCfg = Release|Any CPU
		{66368AFE-3A78-4AC2-8593-AFA97530B0C7}.Release|Any CPU.Build.0 = Release|Any CPU
		{81BED2F4-A110-4593-BF84-540A6C60F995}.Debug|Any CPU.ActiveCfg = Debug|Any CPU
		{81BED2F4-A110-4593-BF84-540A6C60F995}.Debug|Any CPU.Build.0 = Debug|Any CPU
		{81BED2F4-A110-4593-BF84-540A6C60F995}.Release|Any CPU.ActiveCfg = Release|Any CPU
		{81BED2F4-A110-4593-BF84-540A6C60F995}.Release|Any CPU.Build.0 = Release|Any CPU
	EndGlobalSection
	GlobalSection(SolutionProperties) = preSolution
		HideSolutionNode = FALSE
	EndGlobalSection
	GlobalSection(ExtensibilityGlobals) = postSolution
		SolutionGuid = {7F22A2CC-DE3B-4322-8334-12602FD80F4B}
	EndGlobalSection
EndGlobal
