
Microsoft Visual Studio Solution File, Format Version 12.00
# Visual Studio Version 16
VisualStudioVersion = 16.0.31424.327
MinimumVisualStudioVersion = 10.0.40219.1
Project("{FAE04EC0-301F-11D3-BF4B-00C04F79EFBC}") = "1-PrimeiroProjeto", "1-PrimeiroProjeto\1-PrimeiroProjeto.csproj", "{E675D5E7-4AE1-4B43-B8F4-7CD033C52E38}"
EndProject
Global
	GlobalSection(SolutionConfigurationPlatforms) = preSolution
		Debug|Any CPU = Debug|Any CPU
		Release|Any CPU = Release|Any CPU
	EndGlobalSection
	GlobalSection(ProjectConfigurationPlatforms) = postSolution
		{E675D5E7-4AE1-4B43-B8F4-7CD033C52E38}.Debug|Any CPU.ActiveCfg = Debug|Any CPU
		{E675D5E7-4AE1-4B43-B8F4-7CD033C52E38}.Debug|Any CPU.Build.0 = Debug|Any CPU
		{E675D5E7-4AE1-4B43-B8F4-7CD033C52E38}.Release|Any CPU.ActiveCfg = Release|Any CPU
		{E675D5E7-4AE1-4B43-B8F4-7CD033C52E38}.Release|Any CPU.Build.0 = Release|Any CPU
	EndGlobalSection
	GlobalSection(SolutionProperties) = preSolution
		HideSolutionNode = FALSE
	EndGlobalSection
	GlobalSection(ExtensibilityGlobals) = postSolution
		SolutionGuid = {8955473B-6AE2-4435-9FB5-09327ACBEC58}
	EndGlobalSection
EndGlobal
