
Microsoft Visual Studio Solution File, Format Version 12.00
# Visual Studio Version 16
VisualStudioVersion = 16.0.31424.327
MinimumVisualStudioVersion = 10.0.40219.1
Project("{9A19103F-16F7-4668-BE54-9A1E7A4F7556}") = "1-PrimeiroProjeto", "1-PrimeiroProjeto\1-PrimeiroProjeto.csproj", "{E675D5E7-4AE1-4B43-B8F4-7CD033C52E38}"
EndProject
Project("{FAE04EC0-301F-11D3-BF4B-00C04F79EFBC}") = "2-CriandoVariaveis", "2-CriandoVariaveis\2-CriandoVariaveis.csproj", "{27BBD8F7-8771-4B0B-9310-620E576D2657}"
EndProject
Project("{FAE04EC0-301F-11D3-BF4B-00C04F79EFBC}") = "3-CriandoVariaveisPontoFlutuante", "3-CriandoVariaveisPontoFlutuante\3-CriandoVariaveisPontoFlutuante.csproj", "{AF3C26F2-5EE8-4889-ACE2-E0D903AAE6D2}"
EndProject
Project("{FAE04EC0-301F-11D3-BF4B-00C04F79EFBC}") = "4-ConversoesEOutrosTiposNumericos", "ConversoesEOutrosTiposNumericos\4-ConversoesEOutrosTiposNumericos.csproj", "{E44B9763-2168-4120-B237-AFA7630A3B10}"
EndProject
Project("{FAE04EC0-301F-11D3-BF4B-00C04F79EFBC}") = "5-CaracteresETextos", "5-CaracteresETextos\5-CaracteresETextos.csproj", "{D0AC3C62-6EAA-46E6-B775-BC38AA57063B}"
EndProject
Project("{FAE04EC0-301F-11D3-BF4B-00C04F79EFBC}") = "6-AtribuicoesDeVariaveis", "6-AtribuicoesDeVariaveis\6-AtribuicoesDeVariaveis.csproj", "{0EE1A83F-2895-42F0-8BD0-EF1B2094AA67}"
EndProject
Project("{FAE04EC0-301F-11D3-BF4B-00C04F79EFBC}") = "7-Condicionais", "7-Condicionais\7-Condicionais.csproj", "{AB7FFD59-17C0-4FE0-A7D9-1B61FAD85DAD}"
EndProject
Project("{FAE04EC0-301F-11D3-BF4B-00C04F79EFBC}") = "8-Condicionais2", "8-Condicionais2\8-Condicionais2.csproj", "{6267B415-4EF8-4B30-9A99-854186A053FC}"
EndProject
Project("{FAE04EC0-301F-11D3-BF4B-00C04F79EFBC}") = "9-Escopo", "9-Escopo\9-Escopo.csproj", "{363CCEC5-E85B-4618-BA0E-DFC94048FC6A}"
EndProject
Project("{FAE04EC0-301F-11D3-BF4B-00C04F79EFBC}") = "Z-1-Exercicio-ProgramaIR", "Exercicio-1-ProgramaIR\Z-1-Exercicio-ProgramaIR.csproj", "{C6DAE7E1-84EB-45A7-94AF-1CA11746A96C}"
EndProject
Project("{FAE04EC0-301F-11D3-BF4B-00C04F79EFBC}") = "P10-CalculaPoupanca", "10-CalculaPoupanca\P10-CalculaPoupanca.csproj", "{4751E4CC-D9AC-4ED4-937D-C6D2F8813EE5}"
EndProject
Project("{FAE04EC0-301F-11D3-BF4B-00C04F79EFBC}") = "P11-CalculaPoupanca2", "P11-CalculaPoupanca2\P11-CalculaPoupanca2.csproj", "{B889B40A-6C52-4F6F-9A57-902E57DEAC9E}"
EndProject
Project("{FAE04EC0-301F-11D3-BF4B-00C04F79EFBC}") = "P12-CalculaInvestimentoLongoPrazo", "P12-CalculaInvestimentoLongoPrazo\P12-CalculaInvestimentoLongoPrazo.csproj", "{D2AE5CF0-4CEA-4327-A14B-64323B3AAE46}"
EndProject
Project("{FAE04EC0-301F-11D3-BF4B-00C04F79EFBC}") = "P13-ForEncadeado", "P13-ForEncadeado\P13-ForEncadeado.csproj", "{B9B78950-D9C1-4830-9842-3A2BCE7B87BB}"
EndProject
Global
	GlobalSection(SolutionConfigurationPlatforms) = preSolution
		Debug|Any CPU = Debug|Any CPU
		Release|Any CPU = Release|Any CPU
	EndGlobalSection
	GlobalSection(ProjectConfigurationPlatforms) = postSolution
		{E675D5E7-4AE1-4B43-B8F4-7CD033C52E38}.Debug|Any CPU.ActiveCfg = Debug|Any CPU
		{E675D5E7-4AE1-4B43-B8F4-7CD033C52E38}.Debug|Any CPU.Build.0 = Debug|Any CPU
		{E675D5E7-4AE1-4B43-B8F4-7CD033C52E38}.Release|Any CPU.ActiveCfg = Release|Any CPU
		{E675D5E7-4AE1-4B43-B8F4-7CD033C52E38}.Release|Any CPU.Build.0 = Release|Any CPU
		{27BBD8F7-8771-4B0B-9310-620E576D2657}.Debug|Any CPU.ActiveCfg = Debug|Any CPU
		{27BBD8F7-8771-4B0B-9310-620E576D2657}.Debug|Any CPU.Build.0 = Debug|Any CPU
		{27BBD8F7-8771-4B0B-9310-620E576D2657}.Release|Any CPU.ActiveCfg = Release|Any CPU
		{27BBD8F7-8771-4B0B-9310-620E576D2657}.Release|Any CPU.Build.0 = Release|Any CPU
		{AF3C26F2-5EE8-4889-ACE2-E0D903AAE6D2}.Debug|Any CPU.ActiveCfg = Debug|Any CPU
		{AF3C26F2-5EE8-4889-ACE2-E0D903AAE6D2}.Debug|Any CPU.Build.0 = Debug|Any CPU
		{AF3C26F2-5EE8-4889-ACE2-E0D903AAE6D2}.Release|Any CPU.ActiveCfg = Release|Any CPU
		{AF3C26F2-5EE8-4889-ACE2-E0D903AAE6D2}.Release|Any CPU.Build.0 = Release|Any CPU
		{E44B9763-2168-4120-B237-AFA7630A3B10}.Debug|Any CPU.ActiveCfg = Debug|Any CPU
		{E44B9763-2168-4120-B237-AFA7630A3B10}.Debug|Any CPU.Build.0 = Debug|Any CPU
		{E44B9763-2168-4120-B237-AFA7630A3B10}.Release|Any CPU.ActiveCfg = Release|Any CPU
		{E44B9763-2168-4120-B237-AFA7630A3B10}.Release|Any CPU.Build.0 = Release|Any CPU
		{D0AC3C62-6EAA-46E6-B775-BC38AA57063B}.Debug|Any CPU.ActiveCfg = Debug|Any CPU
		{D0AC3C62-6EAA-46E6-B775-BC38AA57063B}.Debug|Any CPU.Build.0 = Debug|Any CPU
		{D0AC3C62-6EAA-46E6-B775-BC38AA57063B}.Release|Any CPU.ActiveCfg = Release|Any CPU
		{D0AC3C62-6EAA-46E6-B775-BC38AA57063B}.Release|Any CPU.Build.0 = Release|Any CPU
		{0EE1A83F-2895-42F0-8BD0-EF1B2094AA67}.Debug|Any CPU.ActiveCfg = Debug|Any CPU
		{0EE1A83F-2895-42F0-8BD0-EF1B2094AA67}.Debug|Any CPU.Build.0 = Debug|Any CPU
		{0EE1A83F-2895-42F0-8BD0-EF1B2094AA67}.Release|Any CPU.ActiveCfg = Release|Any CPU
		{0EE1A83F-2895-42F0-8BD0-EF1B2094AA67}.Release|Any CPU.Build.0 = Release|Any CPU
		{AB7FFD59-17C0-4FE0-A7D9-1B61FAD85DAD}.Debug|Any CPU.ActiveCfg = Debug|Any CPU
		{AB7FFD59-17C0-4FE0-A7D9-1B61FAD85DAD}.Debug|Any CPU.Build.0 = Debug|Any CPU
		{AB7FFD59-17C0-4FE0-A7D9-1B61FAD85DAD}.Release|Any CPU.ActiveCfg = Release|Any CPU
		{AB7FFD59-17C0-4FE0-A7D9-1B61FAD85DAD}.Release|Any CPU.Build.0 = Release|Any CPU
		{6267B415-4EF8-4B30-9A99-854186A053FC}.Debug|Any CPU.ActiveCfg = Debug|Any CPU
		{6267B415-4EF8-4B30-9A99-854186A053FC}.Debug|Any CPU.Build.0 = Debug|Any CPU
		{6267B415-4EF8-4B30-9A99-854186A053FC}.Release|Any CPU.ActiveCfg = Release|Any CPU
		{6267B415-4EF8-4B30-9A99-854186A053FC}.Release|Any CPU.Build.0 = Release|Any CPU
		{363CCEC5-E85B-4618-BA0E-DFC94048FC6A}.Debug|Any CPU.ActiveCfg = Debug|Any CPU
		{363CCEC5-E85B-4618-BA0E-DFC94048FC6A}.Debug|Any CPU.Build.0 = Debug|Any CPU
		{363CCEC5-E85B-4618-BA0E-DFC94048FC6A}.Release|Any CPU.ActiveCfg = Release|Any CPU
		{363CCEC5-E85B-4618-BA0E-DFC94048FC6A}.Release|Any CPU.Build.0 = Release|Any CPU
		{C6DAE7E1-84EB-45A7-94AF-1CA11746A96C}.Debug|Any CPU.ActiveCfg = Debug|Any CPU
		{C6DAE7E1-84EB-45A7-94AF-1CA11746A96C}.Debug|Any CPU.Build.0 = Debug|Any CPU
		{C6DAE7E1-84EB-45A7-94AF-1CA11746A96C}.Release|Any CPU.ActiveCfg = Release|Any CPU
		{C6DAE7E1-84EB-45A7-94AF-1CA11746A96C}.Release|Any CPU.Build.0 = Release|Any CPU
		{4751E4CC-D9AC-4ED4-937D-C6D2F8813EE5}.Debug|Any CPU.ActiveCfg = Debug|Any CPU
		{4751E4CC-D9AC-4ED4-937D-C6D2F8813EE5}.Debug|Any CPU.Build.0 = Debug|Any CPU
		{4751E4CC-D9AC-4ED4-937D-C6D2F8813EE5}.Release|Any CPU.ActiveCfg = Release|Any CPU
		{4751E4CC-D9AC-4ED4-937D-C6D2F8813EE5}.Release|Any CPU.Build.0 = Release|Any CPU
		{B889B40A-6C52-4F6F-9A57-902E57DEAC9E}.Debug|Any CPU.ActiveCfg = Debug|Any CPU
		{B889B40A-6C52-4F6F-9A57-902E57DEAC9E}.Debug|Any CPU.Build.0 = Debug|Any CPU
		{B889B40A-6C52-4F6F-9A57-902E57DEAC9E}.Release|Any CPU.ActiveCfg = Release|Any CPU
		{B889B40A-6C52-4F6F-9A57-902E57DEAC9E}.Release|Any CPU.Build.0 = Release|Any CPU
		{D2AE5CF0-4CEA-4327-A14B-64323B3AAE46}.Debug|Any CPU.ActiveCfg = Debug|Any CPU
		{D2AE5CF0-4CEA-4327-A14B-64323B3AAE46}.Debug|Any CPU.Build.0 = Debug|Any CPU
		{D2AE5CF0-4CEA-4327-A14B-64323B3AAE46}.Release|Any CPU.ActiveCfg = Release|Any CPU
		{D2AE5CF0-4CEA-4327-A14B-64323B3AAE46}.Release|Any CPU.Build.0 = Release|Any CPU
		{B9B78950-D9C1-4830-9842-3A2BCE7B87BB}.Debug|Any CPU.ActiveCfg = Debug|Any CPU
		{B9B78950-D9C1-4830-9842-3A2BCE7B87BB}.Debug|Any CPU.Build.0 = Debug|Any CPU
		{B9B78950-D9C1-4830-9842-3A2BCE7B87BB}.Release|Any CPU.ActiveCfg = Release|Any CPU
		{B9B78950-D9C1-4830-9842-3A2BCE7B87BB}.Release|Any CPU.Build.0 = Release|Any CPU
	EndGlobalSection
	GlobalSection(SolutionProperties) = preSolution
		HideSolutionNode = FALSE
	EndGlobalSection
	GlobalSection(ExtensibilityGlobals) = postSolution
		SolutionGuid = {8955473B-6AE2-4435-9FB5-09327ACBEC58}
	EndGlobalSection
EndGlobal
